// !$*UTF8*$!
{
	archiveVersion = 1;
	classes = {
	};
	objectVersion = 56;
	objects = {

/* Begin PBXBuildFile section */
		BE3ECB4F2A66B82B00973138 /* FruitBookApp.swift in Sources */ = {isa = PBXBuildFile; fileRef = BE3ECB4E2A66B82B00973138 /* FruitBookApp.swift */; };
		BE3ECB512A66B82B00973138 /* ContentView.swift in Sources */ = {isa = PBXBuildFile; fileRef = BE3ECB502A66B82B00973138 /* ContentView.swift */; };
		BE3ECB532A66B82D00973138 /* Assets.xcassets in Resources */ = {isa = PBXBuildFile; fileRef = BE3ECB522A66B82D00973138 /* Assets.xcassets */; };
		BE3ECB562A66B82D00973138 /* Preview Assets.xcassets in Resources */ = {isa = PBXBuildFile; fileRef = BE3ECB552A66B82D00973138 /* Preview Assets.xcassets */; };
		BE3ECB5F2A66BCAB00973138 /* FruitCardView.swift in Sources */ = {isa = PBXBuildFile; fileRef = BE3ECB5E2A66BCAB00973138 /* FruitCardView.swift */; };
		BE3ECB612A66C02800973138 /* StartButtonView.swift in Sources */ = {isa = PBXBuildFile; fileRef = BE3ECB602A66C02800973138 /* StartButtonView.swift */; };
		BE3ECB632A66C2D500973138 /* OnboardingView.swift in Sources */ = {isa = PBXBuildFile; fileRef = BE3ECB622A66C2D500973138 /* OnboardingView.swift */; };
		BE3ECB662A66C70100973138 /* FruitModel.swift in Sources */ = {isa = PBXBuildFile; fileRef = BE3ECB652A66C70100973138 /* FruitModel.swift */; };
		BE3ECB692A66C79900973138 /* FruitData.swift in Sources */ = {isa = PBXBuildFile; fileRef = BE3ECB682A66C79900973138 /* FruitData.swift */; };
		BE3ECB6B2A66DF4000973138 /* FruitRowView.swift in Sources */ = {isa = PBXBuildFile; fileRef = BE3ECB6A2A66DF4000973138 /* FruitRowView.swift */; };
		BE3ECB6D2A66E31000973138 /* FruitDetailView.swift in Sources */ = {isa = PBXBuildFile; fileRef = BE3ECB6C2A66E31000973138 /* FruitDetailView.swift */; };
		BE3ECB6F2A66EDCE00973138 /* FruitHeaderView.swift in Sources */ = {isa = PBXBuildFile; fileRef = BE3ECB6E2A66EDCE00973138 /* FruitHeaderView.swift */; };
		BE3ECB712A67002900973138 /* SourceLinkView.swift in Sources */ = {isa = PBXBuildFile; fileRef = BE3ECB702A67002900973138 /* SourceLinkView.swift */; };
		BE3ECB732A670EC100973138 /* FruitNutrientsView.swift in Sources */ = {isa = PBXBuildFile; fileRef = BE3ECB722A670EC100973138 /* FruitNutrientsView.swift */; };
		BE3ECB752A671EC500973138 /* SettingsView.swift in Sources */ = {isa = PBXBuildFile; fileRef = BE3ECB742A671EC500973138 /* SettingsView.swift */; };
		BE3ECB772A6724E900973138 /* SettingsLabelView.swift in Sources */ = {isa = PBXBuildFile; fileRef = BE3ECB762A6724E900973138 /* SettingsLabelView.swift */; };
		BECC8F3D2A6802BD00F74529 /* SettingsRowView.swift in Sources */ = {isa = PBXBuildFile; fileRef = BECC8F3C2A6802BD00F74529 /* SettingsRowView.swift */; };
/* End PBXBuildFile section */

/* Begin PBXFileReference section */
		BE3ECB4B2A66B82B00973138 /* FruitBook.app */ = {isa = PBXFileReference; explicitFileType = wrapper.application; includeInIndex = 0; path = FruitBook.app; sourceTree = BUILT_PRODUCTS_DIR; };
		BE3ECB4E2A66B82B00973138 /* FruitBookApp.swift */ = {isa = PBXFileReference; lastKnownFileType = sourcecode.swift; path = FruitBookApp.swift; sourceTree = "<group>"; };
		BE3ECB502A66B82B00973138 /* ContentView.swift */ = {isa = PBXFileReference; lastKnownFileType = sourcecode.swift; path = ContentView.swift; sourceTree = "<group>"; };
		BE3ECB522A66B82D00973138 /* Assets.xcassets */ = {isa = PBXFileReference; lastKnownFileType = folder.assetcatalog; path = Assets.xcassets; sourceTree = "<group>"; };
		BE3ECB552A66B82D00973138 /* Preview Assets.xcassets */ = {isa = PBXFileReference; lastKnownFileType = folder.assetcatalog; path = "Preview Assets.xcassets"; sourceTree = "<group>"; };
		BE3ECB5E2A66BCAB00973138 /* FruitCardView.swift */ = {isa = PBXFileReference; lastKnownFileType = sourcecode.swift; path = FruitCardView.swift; sourceTree = "<group>"; };
		BE3ECB602A66C02800973138 /* StartButtonView.swift */ = {isa = PBXFileReference; lastKnownFileType = sourcecode.swift; path = StartButtonView.swift; sourceTree = "<group>"; };
		BE3ECB622A66C2D500973138 /* OnboardingView.swift */ = {isa = PBXFileReference; lastKnownFileType = sourcecode.swift; path = OnboardingView.swift; sourceTree = "<group>"; };
		BE3ECB652A66C70100973138 /* FruitModel.swift */ = {isa = PBXFileReference; lastKnownFileType = sourcecode.swift; path = FruitModel.swift; sourceTree = "<group>"; };
		BE3ECB682A66C79900973138 /* FruitData.swift */ = {isa = PBXFileReference; lastKnownFileType = sourcecode.swift; path = FruitData.swift; sourceTree = "<group>"; };
		BE3ECB6A2A66DF4000973138 /* FruitRowView.swift */ = {isa = PBXFileReference; lastKnownFileType = sourcecode.swift; path = FruitRowView.swift; sourceTree = "<group>"; };
		BE3ECB6C2A66E31000973138 /* FruitDetailView.swift */ = {isa = PBXFileReference; lastKnownFileType = sourcecode.swift; path = FruitDetailView.swift; sourceTree = "<group>"; };
		BE3ECB6E2A66EDCE00973138 /* FruitHeaderView.swift */ = {isa = PBXFileReference; lastKnownFileType = sourcecode.swift; path = FruitHeaderView.swift; sourceTree = "<group>"; };
		BE3ECB702A67002900973138 /* SourceLinkView.swift */ = {isa = PBXFileReference; lastKnownFileType = sourcecode.swift; path = SourceLinkView.swift; sourceTree = "<group>"; };
		BE3ECB722A670EC100973138 /* FruitNutrientsView.swift */ = {isa = PBXFileReference; lastKnownFileType = sourcecode.swift; path = FruitNutrientsView.swift; sourceTree = "<group>"; };
		BE3ECB742A671EC500973138 /* SettingsView.swift */ = {isa = PBXFileReference; lastKnownFileType = sourcecode.swift; path = SettingsView.swift; sourceTree = "<group>"; };
		BE3ECB762A6724E900973138 /* SettingsLabelView.swift */ = {isa = PBXFileReference; lastKnownFileType = sourcecode.swift; path = SettingsLabelView.swift; sourceTree = "<group>"; };
		BECC8F3C2A6802BD00F74529 /* SettingsRowView.swift */ = {isa = PBXFileReference; lastKnownFileType = sourcecode.swift; path = SettingsRowView.swift; sourceTree = "<group>"; };
/* End PBXFileReference section */

/* Begin PBXFrameworksBuildPhase section */
		BE3ECB482A66B82B00973138 /* Frameworks */ = {
			isa = PBXFrameworksBuildPhase;
			buildActionMask = 2147483647;
			files = (
			);
			runOnlyForDeploymentPostprocessing = 0;
		};
/* End PBXFrameworksBuildPhase section */

/* Begin PBXGroup section */
		BE3ECB422A66B82B00973138 = {
			isa = PBXGroup;
			children = (
				BE3ECB4D2A66B82B00973138 /* FruitBook */,
				BE3ECB4C2A66B82B00973138 /* Products */,
			);
			sourceTree = "<group>";
		};
		BE3ECB4C2A66B82B00973138 /* Products */ = {
			isa = PBXGroup;
			children = (
				BE3ECB4B2A66B82B00973138 /* FruitBook.app */,
			);
			name = Products;
			sourceTree = "<group>";
		};
		BE3ECB4D2A66B82B00973138 /* FruitBook */ = {
			isa = PBXGroup;
			children = (
				BE3ECB672A66C78700973138 /* Data */,
				BE3ECB642A66C6EA00973138 /* Model */,
				BE3ECB5D2A66BC7B00973138 /* View */,
				BE3ECB5C2A66BC5000973138 /* App */,
				BE3ECB522A66B82D00973138 /* Assets.xcassets */,
				BE3ECB542A66B82D00973138 /* Preview Content */,
			);
			path = FruitBook;
			sourceTree = "<group>";
		};
		BE3ECB542A66B82D00973138 /* Preview Content */ = {
			isa = PBXGroup;
			children = (
				BE3ECB552A66B82D00973138 /* Preview Assets.xcassets */,
			);
			path = "Preview Content";
			sourceTree = "<group>";
		};
		BE3ECB5C2A66BC5000973138 /* App */ = {
			isa = PBXGroup;
			children = (
				BE3ECB4E2A66B82B00973138 /* FruitBookApp.swift */,
				BE3ECB502A66B82B00973138 /* ContentView.swift */,
				BE3ECB622A66C2D500973138 /* OnboardingView.swift */,
				BE3ECB6C2A66E31000973138 /* FruitDetailView.swift */,
				BE3ECB742A671EC500973138 /* SettingsView.swift */,
			);
			path = App;
			sourceTree = "<group>";
		};
		BE3ECB5D2A66BC7B00973138 /* View */ = {
			isa = PBXGroup;
			children = (
				BE3ECB5E2A66BCAB00973138 /* FruitCardView.swift */,
				BE3ECB602A66C02800973138 /* StartButtonView.swift */,
				BE3ECB6A2A66DF4000973138 /* FruitRowView.swift */,
				BE3ECB6E2A66EDCE00973138 /* FruitHeaderView.swift */,
				BE3ECB702A67002900973138 /* SourceLinkView.swift */,
				BE3ECB722A670EC100973138 /* FruitNutrientsView.swift */,
				BE3ECB762A6724E900973138 /* SettingsLabelView.swift */,
				BECC8F3C2A6802BD00F74529 /* SettingsRowView.swift */,
			);
			path = View;
			sourceTree = "<group>";
		};
		BE3ECB642A66C6EA00973138 /* Model */ = {
			isa = PBXGroup;
			children = (
				BE3ECB652A66C70100973138 /* FruitModel.swift */,
			);
			path = Model;
			sourceTree = "<group>";
		};
		BE3ECB672A66C78700973138 /* Data */ = {
			isa = PBXGroup;
			children = (
				BE3ECB682A66C79900973138 /* FruitData.swift */,
			);
			path = Data;
			sourceTree = "<group>";
		};
/* End PBXGroup section */

/* Begin PBXNativeTarget section */
		BE3ECB4A2A66B82B00973138 /* FruitBook */ = {
			isa = PBXNativeTarget;
			buildConfigurationList = BE3ECB592A66B82D00973138 /* Build configuration list for PBXNativeTarget "FruitBook" */;
			buildPhases = (
				BE3ECB472A66B82B00973138 /* Sources */,
				BE3ECB482A66B82B00973138 /* Frameworks */,
				BE3ECB492A66B82B00973138 /* Resources */,
			);
			buildRules = (
			);
			dependencies = (
			);
			name = FruitBook;
			productName = FruitBook;
			productReference = BE3ECB4B2A66B82B00973138 /* FruitBook.app */;
			productType = "com.apple.product-type.application";
		};
/* End PBXNativeTarget section */

/* Begin PBXProject section */
		BE3ECB432A66B82B00973138 /* Project object */ = {
			isa = PBXProject;
			attributes = {
				BuildIndependentTargetsInParallel = 1;
				LastSwiftUpdateCheck = 1430;
				LastUpgradeCheck = 1430;
				TargetAttributes = {
					BE3ECB4A2A66B82B00973138 = {
						CreatedOnToolsVersion = 14.3.1;
					};
				};
			};
			buildConfigurationList = BE3ECB462A66B82B00973138 /* Build configuration list for PBXProject "FruitBook" */;
			compatibilityVersion = "Xcode 14.0";
			developmentRegion = en;
			hasScannedForEncodings = 0;
			knownRegions = (
				en,
				Base,
			);
			mainGroup = BE3ECB422A66B82B00973138;
			productRefGroup = BE3ECB4C2A66B82B00973138 /* Products */;
			projectDirPath = "";
			projectRoot = "";
			targets = (
				BE3ECB4A2A66B82B00973138 /* FruitBook */,
			);
		};
/* End PBXProject section */

/* Begin PBXResourcesBuildPhase section */
		BE3ECB492A66B82B00973138 /* Resources */ = {
			isa = PBXResourcesBuildPhase;
			buildActionMask = 2147483647;
			files = (
				BE3ECB562A66B82D00973138 /* Preview Assets.xcassets in Resources */,
				BE3ECB532A66B82D00973138 /* Assets.xcassets in Resources */,
			);
			runOnlyForDeploymentPostprocessing = 0;
		};
/* End PBXResourcesBuildPhase section */

/* Begin PBXSourcesBuildPhase section */
		BE3ECB472A66B82B00973138 /* Sources */ = {
			isa = PBXSourcesBuildPhase;
			buildActionMask = 2147483647;
			files = (
				BE3ECB692A66C79900973138 /* FruitData.swift in Sources */,
				BE3ECB712A67002900973138 /* SourceLinkView.swift in Sources */,
				BECC8F3D2A6802BD00F74529 /* SettingsRowView.swift in Sources */,
				BE3ECB5F2A66BCAB00973138 /* FruitCardView.swift in Sources */,
				BE3ECB6B2A66DF4000973138 /* FruitRowView.swift in Sources */,
				BE3ECB732A670EC100973138 /* FruitNutrientsView.swift in Sources */,
				BE3ECB612A66C02800973138 /* StartButtonView.swift in Sources */,
				BE3ECB6D2A66E31000973138 /* FruitDetailView.swift in Sources */,
				BE3ECB512A66B82B00973138 /* ContentView.swift in Sources */,
				BE3ECB6F2A66EDCE00973138 /* FruitHeaderView.swift in Sources */,
				BE3ECB632A66C2D500973138 /* OnboardingView.swift in Sources */,
				BE3ECB772A6724E900973138 /* SettingsLabelView.swift in Sources */,
				BE3ECB662A66C70100973138 /* FruitModel.swift in Sources */,
				BE3ECB4F2A66B82B00973138 /* FruitBookApp.swift in Sources */,
				BE3ECB752A671EC500973138 /* SettingsView.swift in Sources */,
			);
			runOnlyForDeploymentPostprocessing = 0;
		};
/* End PBXSourcesBuildPhase section */

/* Begin XCBuildConfiguration section */
		BE3ECB572A66B82D00973138 /* Debug */ = {
			isa = XCBuildConfiguration;
			buildSettings = {
				ALWAYS_SEARCH_USER_PATHS = NO;
				CLANG_ANALYZER_NONNULL = YES;
				CLANG_ANALYZER_NUMBER_OBJECT_CONVERSION = YES_AGGRESSIVE;
				CLANG_CXX_LANGUAGE_STANDARD = "gnu++20";
				CLANG_ENABLE_MODULES = YES;
				CLANG_ENABLE_OBJC_ARC = YES;
				CLANG_ENABLE_OBJC_WEAK = YES;
				CLANG_WARN_BLOCK_CAPTURE_AUTORELEASING = YES;
				CLANG_WARN_BOOL_CONVERSION = YES;
				CLANG_WARN_COMMA = YES;
				CLANG_WARN_CONSTANT_CONVERSION = YES;
				CLANG_WARN_DEPRECATED_OBJC_IMPLEMENTATIONS = YES;
				CLANG_WARN_DIRECT_OBJC_ISA_USAGE = YES_ERROR;
				CLANG_WARN_DOCUMENTATION_COMMENTS = YES;
				CLANG_WARN_EMPTY_BODY = YES;
				CLANG_WARN_ENUM_CONVERSION = YES;
				CLANG_WARN_INFINITE_RECURSION = YES;
				CLANG_WARN_INT_CONVERSION = YES;
				CLANG_WARN_NON_LITERAL_NULL_CONVERSION = YES;
				CLANG_WARN_OBJC_IMPLICIT_RETAIN_SELF = YES;
				CLANG_WARN_OBJC_LITERAL_CONVERSION = YES;
				CLANG_WARN_OBJC_ROOT_CLASS = YES_ERROR;
				CLANG_WARN_QUOTED_INCLUDE_IN_FRAMEWORK_HEADER = YES;
				CLANG_WARN_RANGE_LOOP_ANALYSIS = YES;
				CLANG_WARN_STRICT_PROTOTYPES = YES;
				CLANG_WARN_SUSPICIOUS_MOVE = YES;
				CLANG_WARN_UNGUARDED_AVAILABILITY = YES_AGGRESSIVE;
				CLANG_WARN_UNREACHABLE_CODE = YES;
				CLANG_WARN__DUPLICATE_METHOD_MATCH = YES;
				COPY_PHASE_STRIP = NO;
				DEBUG_INFORMATION_FORMAT = dwarf;
				ENABLE_STRICT_OBJC_MSGSEND = YES;
				ENABLE_TESTABILITY = YES;
				GCC_C_LANGUAGE_STANDARD = gnu11;
				GCC_DYNAMIC_NO_PIC = NO;
				GCC_NO_COMMON_BLOCKS = YES;
				GCC_OPTIMIZATION_LEVEL = 0;
				GCC_PREPROCESSOR_DEFINITIONS = (
					"DEBUG=1",
					"$(inherited)",
				);
				GCC_WARN_64_TO_32_BIT_CONVERSION = YES;
				GCC_WARN_ABOUT_RETURN_TYPE = YES_ERROR;
				GCC_WARN_UNDECLARED_SELECTOR = YES;
				GCC_WARN_UNINITIALIZED_AUTOS = YES_AGGRESSIVE;
				GCC_WARN_UNUSED_FUNCTION = YES;
				GCC_WARN_UNUSED_VARIABLE = YES;
				IPHONEOS_DEPLOYMENT_TARGET = 15.0;
				MTL_ENABLE_DEBUG_INFO = INCLUDE_SOURCE;
				MTL_FAST_MATH = YES;
				ONLY_ACTIVE_ARCH = YES;
				SDKROOT = iphoneos;
				SWIFT_ACTIVE_COMPILATION_CONDITIONS = DEBUG;
				SWIFT_OPTIMIZATION_LEVEL = "-Onone";
			};
			name = Debug;
		};
		BE3ECB582A66B82D00973138 /* Release */ = {
			isa = XCBuildConfiguration;
			buildSettings = {
				ALWAYS_SEARCH_USER_PATHS = NO;
				CLANG_ANALYZER_NONNULL = YES;
				CLANG_ANALYZER_NUMBER_OBJECT_CONVERSION = YES_AGGRESSIVE;
				CLANG_CXX_LANGUAGE_STANDARD = "gnu++20";
				CLANG_ENABLE_MODULES = YES;
				CLANG_ENABLE_OBJC_ARC = YES;
				CLANG_ENABLE_OBJC_WEAK = YES;
				CLANG_WARN_BLOCK_CAPTURE_AUTORELEASING = YES;
				CLANG_WARN_BOOL_CONVERSION = YES;
				CLANG_WARN_COMMA = YES;
				CLANG_WARN_CONSTANT_CONVERSION = YES;
				CLANG_WARN_DEPRECATED_OBJC_IMPLEMENTATIONS = YES;
				CLANG_WARN_DIRECT_OBJC_ISA_USAGE = YES_ERROR;
				CLANG_WARN_DOCUMENTATION_COMMENTS = YES;
				CLANG_WARN_EMPTY_BODY = YES;
				CLANG_WARN_ENUM_CONVERSION = YES;
				CLANG_WARN_INFINITE_RECURSION = YES;
				CLANG_WARN_INT_CONVERSION = YES;
				CLANG_WARN_NON_LITERAL_NULL_CONVERSION = YES;
				CLANG_WARN_OBJC_IMPLICIT_RETAIN_SELF = YES;
				CLANG_WARN_OBJC_LITERAL_CONVERSION = YES;
				CLANG_WARN_OBJC_ROOT_CLASS = YES_ERROR;
				CLANG_WARN_QUOTED_INCLUDE_IN_FRAMEWORK_HEADER = YES;
				CLANG_WARN_RANGE_LOOP_ANALYSIS = YES;
				CLANG_WARN_STRICT_PROTOTYPES = YES;
				CLANG_WARN_SUSPICIOUS_MOVE = YES;
				CLANG_WARN_UNGUARDED_AVAILABILITY = YES_AGGRESSIVE;
				CLANG_WARN_UNREACHABLE_CODE = YES;
				CLANG_WARN__DUPLICATE_METHOD_MATCH = YES;
				COPY_PHASE_STRIP = NO;
				DEBUG_INFORMATION_FORMAT = "dwarf-with-dsym";
				ENABLE_NS_ASSERTIONS = NO;
				ENABLE_STRICT_OBJC_MSGSEND = YES;
				GCC_C_LANGUAGE_STANDARD = gnu11;
				GCC_NO_COMMON_BLOCKS = YES;
				GCC_WARN_64_TO_32_BIT_CONVERSION = YES;
				GCC_WARN_ABOUT_RETURN_TYPE = YES_ERROR;
				GCC_WARN_UNDECLARED_SELECTOR = YES;
				GCC_WARN_UNINITIALIZED_AUTOS = YES_AGGRESSIVE;
				GCC_WARN_UNUSED_FUNCTION = YES;
				GCC_WARN_UNUSED_VARIABLE = YES;
				IPHONEOS_DEPLOYMENT_TARGET = 15.0;
				MTL_ENABLE_DEBUG_INFO = NO;
				MTL_FAST_MATH = YES;
				SDKROOT = iphoneos;
				SWIFT_COMPILATION_MODE = wholemodule;
				SWIFT_OPTIMIZATION_LEVEL = "-O";
				VALIDATE_PRODUCT = YES;
			};
			name = Release;
		};
		BE3ECB5A2A66B82D00973138 /* Debug */ = {
			isa = XCBuildConfiguration;
			buildSettings = {
				ASSETCATALOG_COMPILER_APPICON_NAME = AppIcon;
				ASSETCATALOG_COMPILER_GLOBAL_ACCENT_COLOR_NAME = AccentColor;
				CODE_SIGN_STYLE = Automatic;
				CURRENT_PROJECT_VERSION = 1;
				DEVELOPMENT_ASSET_PATHS = "\"FruitBook/Preview Content\"";
				DEVELOPMENT_TEAM = TB9FQULP95;
				ENABLE_PREVIEWS = YES;
				GENERATE_INFOPLIST_FILE = YES;
				INFOPLIST_KEY_UIApplicationSceneManifest_Generation = YES;
				INFOPLIST_KEY_UIApplicationSupportsIndirectInputEvents = YES;
				INFOPLIST_KEY_UILaunchScreen_Generation = YES;
				INFOPLIST_KEY_UISupportedInterfaceOrientations = "UIInterfaceOrientationLandscapeLeft UIInterfaceOrientationPortrait";
				INFOPLIST_KEY_UISupportedInterfaceOrientations_iPad = "UIInterfaceOrientationPortrait UIInterfaceOrientationPortraitUpsideDown";
				LD_RUNPATH_SEARCH_PATHS = (
					"$(inherited)",
					"@executable_path/Frameworks",
				);
				MARKETING_VERSION = 1.0;
				PRODUCT_BUNDLE_IDENTIFIER = com.vedatozlu.FruitBook;
				PRODUCT_NAME = "$(TARGET_NAME)";
				SWIFT_EMIT_LOC_STRINGS = YES;
				SWIFT_VERSION = 5.0;
				TARGETED_DEVICE_FAMILY = "1,2";
			};
			name = Debug;
		};
		BE3ECB5B2A66B82D00973138 /* Release */ = {
			isa = XCBuildConfiguration;
			buildSettings = {
				ASSETCATALOG_COMPILER_APPICON_NAME = AppIcon;
				ASSETCATALOG_COMPILER_GLOBAL_ACCENT_COLOR_NAME = AccentColor;
				CODE_SIGN_STYLE = Automatic;
				CURRENT_PROJECT_VERSION = 1;
				DEVELOPMENT_ASSET_PATHS = "\"FruitBook/Preview Content\"";
				DEVELOPMENT_TEAM = TB9FQULP95;
				ENABLE_PREVIEWS = YES;
				GENERATE_INFOPLIST_FILE = YES;
				INFOPLIST_KEY_UIApplicationSceneManifest_Generation = YES;
				INFOPLIST_KEY_UIApplicationSupportsIndirectInputEvents = YES;
				INFOPLIST_KEY_UILaunchScreen_Generation = YES;
				INFOPLIST_KEY_UISupportedInterfaceOrientations = "UIInterfaceOrientationLandscapeLeft UIInterfaceOrientationPortrait";
				INFOPLIST_KEY_UISupportedInterfaceOrientations_iPad = "UIInterfaceOrientationPortrait UIInterfaceOrientationPortraitUpsideDown";
				LD_RUNPATH_SEARCH_PATHS = (
					"$(inherited)",
					"@executable_path/Frameworks",
				);
				MARKETING_VERSION = 1.0;
				PRODUCT_BUNDLE_IDENTIFIER = com.vedatozlu.FruitBook;
				PRODUCT_NAME = "$(TARGET_NAME)";
				SWIFT_EMIT_LOC_STRINGS = YES;
				SWIFT_VERSION = 5.0;
				TARGETED_DEVICE_FAMILY = "1,2";
			};
			name = Release;
		};
/* End XCBuildConfiguration section */

/* Begin XCConfigurationList section */
		BE3ECB462A66B82B00973138 /* Build configuration list for PBXProject "FruitBook" */ = {
			isa = XCConfigurationList;
			buildConfigurations = (
				BE3ECB572A66B82D00973138 /* Debug */,
				BE3ECB582A66B82D00973138 /* Release */,
			);
			defaultConfigurationIsVisible = 0;
			defaultConfigurationName = Release;
		};
		BE3ECB592A66B82D00973138 /* Build configuration list for PBXNativeTarget "FruitBook" */ = {
			isa = XCConfigurationList;
			buildConfigurations = (
				BE3ECB5A2A66B82D00973138 /* Debug */,
				BE3ECB5B2A66B82D00973138 /* Release */,
			);
			defaultConfigurationIsVisible = 0;
			defaultConfigurationName = Release;
		};
/* End XCConfigurationList section */
	};
	rootObject = BE3ECB432A66B82B00973138 /* Project object */;
}
